
Microsoft Visual Studio Solution File, Format Version 12.00
# Visual Studio Version 17
VisualStudioVersion = 17.6.33829.357
MinimumVisualStudioVersion = 10.0.40219.1
Project("{FAE04EC0-301F-11D3-BF4B-00C04F79EFBC}") = "RazorsViewsTraining", "RazorsViewsTraining\RazorsViewsTraining.csproj", "{9963F5FE-CE3E-4A4E-BA5E-41DB534DF071}"
EndProject
Project("{FAE04EC0-301F-11D3-BF4B-00C04F79EFBC}") = "Assignment 14", "Assignment 14\Assignment 14.csproj", "{F7E9F7AD-4ADC-44F9-B728-76683214F44A}"
EndProject
Global
	GlobalSection(SolutionConfigurationPlatforms) = preSolution
		Debug|Any CPU = Debug|Any CPU
		Release|Any CPU = Release|Any CPU
	EndGlobalSection
	GlobalSection(ProjectConfigurationPlatforms) = postSolution
		{9963F5FE-CE3E-4A4E-BA5E-41DB534DF071}.Debug|Any CPU.ActiveCfg = Debug|Any CPU
		{9963F5FE-CE3E-4A4E-BA5E-41DB534DF071}.Debug|Any CPU.Build.0 = Debug|Any CPU
		{9963F5FE-CE3E-4A4E-BA5E-41DB534DF071}.Release|Any CPU.ActiveCfg = Release|Any CPU
		{9963F5FE-CE3E-4A4E-BA5E-41DB534DF071}.Release|Any CPU.Build.0 = Release|Any CPU
		{F7E9F7AD-4ADC-44F9-B728-76683214F44A}.Debug|Any CPU.ActiveCfg = Debug|Any CPU
		{F7E9F7AD-4ADC-44F9-B728-76683214F44A}.Debug|Any CPU.Build.0 = Debug|Any CPU
		{F7E9F7AD-4ADC-44F9-B728-76683214F44A}.Release|Any CPU.ActiveCfg = Release|Any CPU
		{F7E9F7AD-4ADC-44F9-B728-76683214F44A}.Release|Any CPU.Build.0 = Release|Any CPU
	EndGlobalSection
	GlobalSection(SolutionProperties) = preSolution
		HideSolutionNode = FALSE
	EndGlobalSection
	GlobalSection(ExtensibilityGlobals) = postSolution
		SolutionGuid = {E193A597-F1B7-4408-8D9D-FB578052D9F9}
	EndGlobalSection
EndGlobal
