
Microsoft Visual Studio Solution File, Format Version 12.00
# Visual Studio Version 17
VisualStudioVersion = 17.7.34031.279
MinimumVisualStudioVersion = 10.0.40219.1
Project("{9A19103F-16F7-4668-BE54-9A1E7A4F7556}") = "Assignment25", "Assignment25\Assignment25.csproj", "{4976C2F1-9F75-437D-9AF0-6231FE5DE443}"
EndProject
Project("{9A19103F-16F7-4668-BE54-9A1E7A4F7556}") = "Models", "Models\Models.csproj", "{69D6C97A-57FA-45AD-A494-0DC08E1568A5}"
EndProject
Project("{9A19103F-16F7-4668-BE54-9A1E7A4F7556}") = "Services", "Services\Services.csproj", "{3F121A71-BC4B-4C08-B488-7A6C3A067942}"
EndProject
Project("{9A19103F-16F7-4668-BE54-9A1E7A4F7556}") = "ServicesContract", "ServicesContract\ServicesContract.csproj", "{390CE0DC-2F15-4C7C-83C8-CB3140767D00}"
EndProject
Global
	GlobalSection(SolutionConfigurationPlatforms) = preSolution
		Debug|Any CPU = Debug|Any CPU
		Release|Any CPU = Release|Any CPU
	EndGlobalSection
	GlobalSection(ProjectConfigurationPlatforms) = postSolution
		{4976C2F1-9F75-437D-9AF0-6231FE5DE443}.Debug|Any CPU.ActiveCfg = Debug|Any CPU
		{4976C2F1-9F75-437D-9AF0-6231FE5DE443}.Debug|Any CPU.Build.0 = Debug|Any CPU
		{4976C2F1-9F75-437D-9AF0-6231FE5DE443}.Release|Any CPU.ActiveCfg = Release|Any CPU
		{4976C2F1-9F75-437D-9AF0-6231FE5DE443}.Release|Any CPU.Build.0 = Release|Any CPU
		{69D6C97A-57FA-45AD-A494-0DC08E1568A5}.Debug|Any CPU.ActiveCfg = Debug|Any CPU
		{69D6C97A-57FA-45AD-A494-0DC08E1568A5}.Debug|Any CPU.Build.0 = Debug|Any CPU
		{69D6C97A-57FA-45AD-A494-0DC08E1568A5}.Release|Any CPU.ActiveCfg = Release|Any CPU
		{69D6C97A-57FA-45AD-A494-0DC08E1568A5}.Release|Any CPU.Build.0 = Release|Any CPU
		{3F121A71-BC4B-4C08-B488-7A6C3A067942}.Debug|Any CPU.ActiveCfg = Debug|Any CPU
		{3F121A71-BC4B-4C08-B488-7A6C3A067942}.Debug|Any CPU.Build.0 = Debug|Any CPU
		{3F121A71-BC4B-4C08-B488-7A6C3A067942}.Release|Any CPU.ActiveCfg = Release|Any CPU
		{3F121A71-BC4B-4C08-B488-7A6C3A067942}.Release|Any CPU.Build.0 = Release|Any CPU
		{390CE0DC-2F15-4C7C-83C8-CB3140767D00}.Debug|Any CPU.ActiveCfg = Debug|Any CPU
		{390CE0DC-2F15-4C7C-83C8-CB3140767D00}.Debug|Any CPU.Build.0 = Debug|Any CPU
		{390CE0DC-2F15-4C7C-83C8-CB3140767D00}.Release|Any CPU.ActiveCfg = Release|Any CPU
		{390CE0DC-2F15-4C7C-83C8-CB3140767D00}.Release|Any CPU.Build.0 = Release|Any CPU
	EndGlobalSection
	GlobalSection(SolutionProperties) = preSolution
		HideSolutionNode = FALSE
	EndGlobalSection
	GlobalSection(ExtensibilityGlobals) = postSolution
		SolutionGuid = {78D754D8-ACE4-43D8-81C3-86B03A049AE1}
	EndGlobalSection
EndGlobal
